{
  "version": 2,
  "dependencies": {
    "net10.0": {
      "Atya.Errors.Validation": {
        "type": "Project",
        "dependencies": {
          "Atya.Errors.Exceptions": "[1.0.0, )",
          "Atya.Foundation.Guards": "[1.0.0, )"
        }
      },
      "Atya.Errors.Exceptions": {
        "type": "CentralTransitive",
        "requested": "[1.0.0, )",
        "resolved": "1.0.0",
        "contentHash": "pEZTVOu8/EM9H5fwRlRWSjv8fTfULkDuDWYAiDG4x//YYxMnsL/uld06u3eVRgxsA97/FSeqYIhmcKlSQpFKwg=="
      },
      "Atya.Foundation.Guards": {
        "type": "CentralTransitive",
        "requested": "[1.0.0, )",
        "resolved": "1.0.0",
        "contentHash": "hLGlr7iPEAVMFEzNf2yGxEuJld/UGwBuC16TGyw3EGYrTQYf1ub3y24eoiFB4BGLQQDw1ll9hPoAdgVdJQEifQ=="
      }
    }
  }
}