{
  "version": 2,
  "dependencies": {
    "net10.0": {
      "Atya.Errors.Validation": {
        "type": "Project",
        "dependencies": {
          "Atya.Errors.Exceptions": "[1.0.0, )",
          "Atya.Foundation.Guards": "[1.0.0, )"
        }
      },
      "Atya.Errors.Exceptions": {
        "type": "CentralTransitive",
        "requested": "[1.0.0, )",
        "resolved": "1.0.0",
        "contentHash": "8eJ5fmDO3KUiVRMQkRgtgWkHyyv92GzPeYQD4oNDjVE73H0wdRqdIB4GDwLGl5KAKVcnUMiptl+Kf8rNEqjx7Q=="
      },
      "Atya.Foundation.Guards": {
        "type": "CentralTransitive",
        "requested": "[1.0.0, )",
        "resolved": "1.0.0",
        "contentHash": "RvOzSSZ0/O2Qmp43cUJ/M2XFYci9ZMgUvR4A9Wio0iMEDKkSuPfUGA9YCA785KN1nqP7KXquwh890GL/Rv02Zg=="
      }
    }
  }
}